// !$*UTF8*$!
{
	archiveVersion = 1;
	classes = {
	};
	objectVersion = 51;
	objects = {

/* Begin PBXBuildFile section */
		8806B8892622D3D3006B4FA9 /* AppDelegate.swift in Sources */ = {isa = PBXBuildFile; fileRef = 8806B8882622D3D3006B4FA9 /* AppDelegate.swift */; };
		8806B88B2622D3D3006B4FA9 /* SceneDelegate.swift in Sources */ = {isa = PBXBuildFile; fileRef = 8806B88A2622D3D3006B4FA9 /* SceneDelegate.swift */; };
		8806B88D2622D3D3006B4FA9 /* MainViewControlelr.swift in Sources */ = {isa = PBXBuildFile; fileRef = 8806B88C2622D3D3006B4FA9 /* MainViewControlelr.swift */; };
		8806B8902622D3D3006B4FA9 /* Main.storyboard in Resources */ = {isa = PBXBuildFile; fileRef = 8806B88E2622D3D3006B4FA9 /* Main.storyboard */; };
		8806B8922622D3D5006B4FA9 /* Assets.xcassets in Resources */ = {isa = PBXBuildFile; fileRef = 8806B8912622D3D5006B4FA9 /* Assets.xcassets */; };
		8806B8952622D3D5006B4FA9 /* LaunchScreen.storyboard in Resources */ = {isa = PBXBuildFile; fileRef = 8806B8932622D3D5006B4FA9 /* LaunchScreen.storyboard */; };
		881FA40E262960890018CEE7 /* RecipeTableViewController.swift in Sources */ = {isa = PBXBuildFile; fileRef = 881FA40D262960890018CEE7 /* RecipeTableViewController.swift */; };
		8870D92926268EDC004FD39C /* map_pinup_custom@3x.png in Resources */ = {isa = PBXBuildFile; fileRef = 8870D90426268EDC004FD39C /* map_pinup_custom@3x.png */; };
		8870D92A26268EDC004FD39C /* map_pin_custom.png in Resources */ = {isa = PBXBuildFile; fileRef = 8870D90526268EDC004FD39C /* map_pin_custom.png */; };
		8870D92B26268EDC004FD39C /* shadow_balloon.png in Resources */ = {isa = PBXBuildFile; fileRef = 8870D90626268EDC004FD39C /* shadow_balloon.png */; };
		8870D92C26268EDC004FD39C /* map_pinup.png in Resources */ = {isa = PBXBuildFile; fileRef = 8870D90726268EDC004FD39C /* map_pinup.png */; };
		8870D92D26268EDC004FD39C /* detail_button.png in Resources */ = {isa = PBXBuildFile; fileRef = 8870D90826268EDC004FD39C /* detail_button.png */; };
		8870D92E26268EDC004FD39C /* map_pin_custom@3x.png in Resources */ = {isa = PBXBuildFile; fileRef = 8870D90926268EDC004FD39C /* map_pin_custom@3x.png */; };
		8870D92F26268EDC004FD39C /* map_pinup@3x.png in Resources */ = {isa = PBXBuildFile; fileRef = 8870D90A26268EDC004FD39C /* map_pinup@3x.png */; };
		8870D93026268EDC004FD39C /* map_pin_shadow@3x.png in Resources */ = {isa = PBXBuildFile; fileRef = 8870D90B26268EDC004FD39C /* map_pin_shadow@3x.png */; };
		8870D93126268EDC004FD39C /* copyright.png in Resources */ = {isa = PBXBuildFile; fileRef = 8870D90C26268EDC004FD39C /* copyright.png */; };
		8870D93226268EDC004FD39C /* th_line.png in Resources */ = {isa = PBXBuildFile; fileRef = 8870D90D26268EDC004FD39C /* th_line.png */; };
		8870D93326268EDC004FD39C /* map_pin_red@3x.png in Resources */ = {isa = PBXBuildFile; fileRef = 8870D90E26268EDC004FD39C /* map_pin_red@3x.png */; };
		8870D93426268EDC004FD39C /* daum_copyright.png in Resources */ = {isa = PBXBuildFile; fileRef = 8870D90F26268EDC004FD39C /* daum_copyright.png */; };
		8870D93526268EDC004FD39C /* map_pin@3x.png in Resources */ = {isa = PBXBuildFile; fileRef = 8870D91026268EDC004FD39C /* map_pin@3x.png */; };
		8870D93626268EDC004FD39C /* map_present_tracking.png in Resources */ = {isa = PBXBuildFile; fileRef = 8870D91126268EDC004FD39C /* map_present_tracking.png */; };
		8870D93726268EDC004FD39C /* map_pin_red.png in Resources */ = {isa = PBXBuildFile; fileRef = 8870D91226268EDC004FD39C /* map_pin_red.png */; };
		8870D93826268EDC004FD39C /* info_box.png in Resources */ = {isa = PBXBuildFile; fileRef = 8870D91C26268EDC004FD39C /* info_box.png */; };
		8870D93926268EDC004FD39C /* point_sprite.png in Resources */ = {isa = PBXBuildFile; fileRef = 8870D91D26268EDC004FD39C /* point_sprite.png */; };
		8870D93A26268EDC004FD39C /* map_pinup_custom.png in Resources */ = {isa = PBXBuildFile; fileRef = 8870D91E26268EDC004FD39C /* map_pinup_custom.png */; };
		8870D93B26268EDC004FD39C /* info_box_tail.png in Resources */ = {isa = PBXBuildFile; fileRef = 8870D91F26268EDC004FD39C /* info_box_tail.png */; };
		8870D93C26268EDC004FD39C /* noimage256.png in Resources */ = {isa = PBXBuildFile; fileRef = 8870D92026268EDC004FD39C /* noimage256.png */; };
		8870D93D26268EDC004FD39C /* map_present_direction.png in Resources */ = {isa = PBXBuildFile; fileRef = 8870D92126268EDC004FD39C /* map_present_direction.png */; };
		8870D93E26268EDC004FD39C /* map_pin.png in Resources */ = {isa = PBXBuildFile; fileRef = 8870D92226268EDC004FD39C /* map_pin.png */; };
		8870D93F26268EDC004FD39C /* map_present.png in Resources */ = {isa = PBXBuildFile; fileRef = 8870D92326268EDC004FD39C /* map_present.png */; };
		8870D94026268EDC004FD39C /* noimage.png in Resources */ = {isa = PBXBuildFile; fileRef = 8870D92426268EDC004FD39C /* noimage.png */; };
		8870D94126268EDC004FD39C /* map_present_background_update.png in Resources */ = {isa = PBXBuildFile; fileRef = 8870D92526268EDC004FD39C /* map_present_background_update.png */; };
		8870D94226268EDC004FD39C /* daum_th_line.png in Resources */ = {isa = PBXBuildFile; fileRef = 8870D92626268EDC004FD39C /* daum_th_line.png */; };
		8870D94326268EDC004FD39C /* map_pin_shadow.png in Resources */ = {isa = PBXBuildFile; fileRef = 8870D92726268EDC004FD39C /* map_pin_shadow.png */; };
		8870D94426268EDC004FD39C /* DaumMap.framework in Frameworks */ = {isa = PBXBuildFile; fileRef = 8870D92826268EDC004FD39C /* DaumMap.framework */; };
		8870D949262690AE004FD39C /* SystemConfiguration.framework in Frameworks */ = {isa = PBXBuildFile; fileRef = 8870D948262690AE004FD39C /* SystemConfiguration.framework */; };
		8870D94B262690B8004FD39C /* CoreLocation.framework in Frameworks */ = {isa = PBXBuildFile; fileRef = 8870D94A262690B8004FD39C /* CoreLocation.framework */; };
		8870D94D262690C5004FD39C /* QuartzCore.framework in Frameworks */ = {isa = PBXBuildFile; fileRef = 8870D94C262690C5004FD39C /* QuartzCore.framework */; };
		8870D95B26269402004FD39C /* Metal.framework in Frameworks */ = {isa = PBXBuildFile; fileRef = 8870D95A26269401004FD39C /* Metal.framework */; };
		8870D95D26269428004FD39C /* libc++.tbd in Frameworks */ = {isa = PBXBuildFile; fileRef = 8870D94E262690EB004FD39C /* libc++.tbd */; };
		8870D95F26269436004FD39C /* libxml2.tbd in Frameworks */ = {isa = PBXBuildFile; fileRef = 8870D94F262690F5004FD39C /* libxml2.tbd */; };
		8870D9612626943B004FD39C /* libsqlite3.tbd in Frameworks */ = {isa = PBXBuildFile; fileRef = 8870D950262690FF004FD39C /* libsqlite3.tbd */; };
		8870D96426269D7B004FD39C /* JunkFunctions.swift in Sources */ = {isa = PBXBuildFile; fileRef = 8870D96326269D7B004FD39C /* JunkFunctions.swift */; };
		8870D96726269E1F004FD39C /* DaumMapSearchData.swift in Sources */ = {isa = PBXBuildFile; fileRef = 8870D96626269E1F004FD39C /* DaumMapSearchData.swift */; };
		887178A8262D0C8D00E5CEB4 /* FoodData.swift in Sources */ = {isa = PBXBuildFile; fileRef = 887178A7262D0C8D00E5CEB4 /* FoodData.swift */; };
		887178AB262D0DE200E5CEB4 /* FoodImageCollectionViewCell.swift in Sources */ = {isa = PBXBuildFile; fileRef = 887178AA262D0DE200E5CEB4 /* FoodImageCollectionViewCell.swift */; };
		888827632623F1A300F6007C /* FoodRecipe.swift in Sources */ = {isa = PBXBuildFile; fileRef = 888827622623F1A300F6007C /* FoodRecipe.swift */; };
		88B015BA2669D5C40059A49F /* Constants.swift in Sources */ = {isa = PBXBuildFile; fileRef = 88B015B92669D5C40059A49F /* Constants.swift */; };
		88D1E99B26326FED0048DC85 /* RecipeBrowserViewController.swift in Sources */ = {isa = PBXBuildFile; fileRef = 88D1E99A26326FED0048DC85 /* RecipeBrowserViewController.swift */; };
		88E242F226294CCB00557AD4 /* MapViewController.swift in Sources */ = {isa = PBXBuildFile; fileRef = 88E242F126294CCB00557AD4 /* MapViewController.swift */; };
		88F8A4DE26662C75004DD925 /* ReciepeTableViewCell.swift in Sources */ = {isa = PBXBuildFile; fileRef = 88F8A4DD26662C75004DD925 /* ReciepeTableViewCell.swift */; };
		D2E7666F6834733ADF2FD003 /* Pods_FoodChooser.framework in Frameworks */ = {isa = PBXBuildFile; fileRef = 3EE2AA91E1A314BDEC5F0F6D /* Pods_FoodChooser.framework */; };
/* End PBXBuildFile section */

/* Begin PBXFileReference section */
		0FD75E0E0809D434ABD3073E /* Pods-FoodChooser.debug.xcconfig */ = {isa = PBXFileReference; includeInIndex = 1; lastKnownFileType = text.xcconfig; name = "Pods-FoodChooser.debug.xcconfig"; path = "Target Support Files/Pods-FoodChooser/Pods-FoodChooser.debug.xcconfig"; sourceTree = "<group>"; };
		3EE2AA91E1A314BDEC5F0F6D /* Pods_FoodChooser.framework */ = {isa = PBXFileReference; explicitFileType = wrapper.framework; includeInIndex = 0; path = Pods_FoodChooser.framework; sourceTree = BUILT_PRODUCTS_DIR; };
		8806B8852622D3D3006B4FA9 /* FoodChooser.app */ = {isa = PBXFileReference; explicitFileType = wrapper.application; includeInIndex = 0; path = FoodChooser.app; sourceTree = BUILT_PRODUCTS_DIR; };
		8806B8882622D3D3006B4FA9 /* AppDelegate.swift */ = {isa = PBXFileReference; lastKnownFileType = sourcecode.swift; path = AppDelegate.swift; sourceTree = "<group>"; };
		8806B88A2622D3D3006B4FA9 /* SceneDelegate.swift */ = {isa = PBXFileReference; lastKnownFileType = sourcecode.swift; path = SceneDelegate.swift; sourceTree = "<group>"; };
		8806B88C2622D3D3006B4FA9 /* MainViewControlelr.swift */ = {isa = PBXFileReference; lastKnownFileType = sourcecode.swift; path = MainViewControlelr.swift; sourceTree = "<group>"; };
		8806B88F2622D3D3006B4FA9 /* Base */ = {isa = PBXFileReference; lastKnownFileType = file.storyboard; name = Base; path = Base.lproj/Main.storyboard; sourceTree = "<group>"; };
		8806B8912622D3D5006B4FA9 /* Assets.xcassets */ = {isa = PBXFileReference; lastKnownFileType = folder.assetcatalog; path = Assets.xcassets; sourceTree = "<group>"; };
		8806B8942622D3D5006B4FA9 /* Base */ = {isa = PBXFileReference; lastKnownFileType = file.storyboard; name = Base; path = Base.lproj/LaunchScreen.storyboard; sourceTree = "<group>"; };
		8806B8962622D3D5006B4FA9 /* Info.plist */ = {isa = PBXFileReference; lastKnownFileType = text.plist.xml; path = Info.plist; sourceTree = "<group>"; };
		881FA40D262960890018CEE7 /* RecipeTableViewController.swift */ = {isa = PBXFileReference; lastKnownFileType = sourcecode.swift; path = RecipeTableViewController.swift; sourceTree = "<group>"; };
		8870D90426268EDC004FD39C /* map_pinup_custom@3x.png */ = {isa = PBXFileReference; lastKnownFileType = image.png; path = "map_pinup_custom@3x.png"; sourceTree = "<group>"; };
		8870D90526268EDC004FD39C /* map_pin_custom.png */ = {isa = PBXFileReference; lastKnownFileType = image.png; path = map_pin_custom.png; sourceTree = "<group>"; };
		8870D90626268EDC004FD39C /* shadow_balloon.png */ = {isa = PBXFileReference; lastKnownFileType = image.png; path = shadow_balloon.png; sourceTree = "<group>"; };
		8870D90726268EDC004FD39C /* map_pinup.png */ = {isa = PBXFileReference; lastKnownFileType = image.png; path = map_pinup.png; sourceTree = "<group>"; };
		8870D90826268EDC004FD39C /* detail_button.png */ = {isa = PBXFileReference; lastKnownFileType = image.png; path = detail_button.png; sourceTree = "<group>"; };
		8870D90926268EDC004FD39C /* map_pin_custom@3x.png */ = {isa = PBXFileReference; lastKnownFileType = image.png; path = "map_pin_custom@3x.png"; sourceTree = "<group>"; };
		8870D90A26268EDC004FD39C /* map_pinup@3x.png */ = {isa = PBXFileReference; lastKnownFileType = image.png; path = "map_pinup@3x.png"; sourceTree = "<group>"; };
		8870D90B26268EDC004FD39C /* map_pin_shadow@3x.png */ = {isa = PBXFileReference; lastKnownFileType = image.png; path = "map_pin_shadow@3x.png"; sourceTree = "<group>"; };
		8870D90C26268EDC004FD39C /* copyright.png */ = {isa = PBXFileReference; lastKnownFileType = image.png; path = copyright.png; sourceTree = "<group>"; };
		8870D90D26268EDC004FD39C /* th_line.png */ = {isa = PBXFileReference; lastKnownFileType = image.png; path = th_line.png; sourceTree = "<group>"; };
		8870D90E26268EDC004FD39C /* map_pin_red@3x.png */ = {isa = PBXFileReference; lastKnownFileType = image.png; path = "map_pin_red@3x.png"; sourceTree = "<group>"; };
		8870D90F26268EDC004FD39C /* daum_copyright.png */ = {isa = PBXFileReference; lastKnownFileType = image.png; path = daum_copyright.png; sourceTree = "<group>"; };
		8870D91026268EDC004FD39C /* map_pin@3x.png */ = {isa = PBXFileReference; lastKnownFileType = image.png; path = "map_pin@3x.png"; sourceTree = "<group>"; };
		8870D91126268EDC004FD39C /* map_present_tracking.png */ = {isa = PBXFileReference; lastKnownFileType = image.png; path = map_present_tracking.png; sourceTree = "<group>"; };
		8870D91226268EDC004FD39C /* map_pin_red.png */ = {isa = PBXFileReference; lastKnownFileType = image.png; path = map_pin_red.png; sourceTree = "<group>"; };
		8870D91426268EDC004FD39C /* MTMapPOIItem.h */ = {isa = PBXFileReference; fileEncoding = 4; lastKnownFileType = sourcecode.c.h; path = MTMapPOIItem.h; sourceTree = "<group>"; };
		8870D91526268EDC004FD39C /* MTMapCameraUpdate.h */ = {isa = PBXFileReference; fileEncoding = 4; lastKnownFileType = sourcecode.c.h; path = MTMapCameraUpdate.h; sourceTree = "<group>"; };
		8870D91626268EDC004FD39C /* MTMapReverseGeoCoder.h */ = {isa = PBXFileReference; fileEncoding = 4; lastKnownFileType = sourcecode.c.h; path = MTMapReverseGeoCoder.h; sourceTree = "<group>"; };
		8870D91726268EDC004FD39C /* MTMapPolyline.h */ = {isa = PBXFileReference; fileEncoding = 4; lastKnownFileType = sourcecode.c.h; path = MTMapPolyline.h; sourceTree = "<group>"; };
		8870D91826268EDC004FD39C /* MTMapLocationMarkerItem.h */ = {isa = PBXFileReference; fileEncoding = 4; lastKnownFileType = sourcecode.c.h; path = MTMapLocationMarkerItem.h; sourceTree = "<group>"; };
		8870D91926268EDC004FD39C /* MTMapView.h */ = {isa = PBXFileReference; fileEncoding = 4; lastKnownFileType = sourcecode.c.h; path = MTMapView.h; sourceTree = "<group>"; };
		8870D91A26268EDC004FD39C /* MTMapGeometry.h */ = {isa = PBXFileReference; fileEncoding = 4; lastKnownFileType = sourcecode.c.h; path = MTMapGeometry.h; sourceTree = "<group>"; };
		8870D91B26268EDC004FD39C /* MTMapCircle.h */ = {isa = PBXFileReference; fileEncoding = 4; lastKnownFileType = sourcecode.c.h; path = MTMapCircle.h; sourceTree = "<group>"; };
		8870D91C26268EDC004FD39C /* info_box.png */ = {isa = PBXFileReference; lastKnownFileType = image.png; path = info_box.png; sourceTree = "<group>"; };
		8870D91D26268EDC004FD39C /* point_sprite.png */ = {isa = PBXFileReference; lastKnownFileType = image.png; path = point_sprite.png; sourceTree = "<group>"; };
		8870D91E26268EDC004FD39C /* map_pinup_custom.png */ = {isa = PBXFileReference; lastKnownFileType = image.png; path = map_pinup_custom.png; sourceTree = "<group>"; };
		8870D91F26268EDC004FD39C /* info_box_tail.png */ = {isa = PBXFileReference; lastKnownFileType = image.png; path = info_box_tail.png; sourceTree = "<group>"; };
		8870D92026268EDC004FD39C /* noimage256.png */ = {isa = PBXFileReference; lastKnownFileType = image.png; path = noimage256.png; sourceTree = "<group>"; };
		8870D92126268EDC004FD39C /* map_present_direction.png */ = {isa = PBXFileReference; lastKnownFileType = image.png; path = map_present_direction.png; sourceTree = "<group>"; };
		8870D92226268EDC004FD39C /* map_pin.png */ = {isa = PBXFileReference; lastKnownFileType = image.png; path = map_pin.png; sourceTree = "<group>"; };
		8870D92326268EDC004FD39C /* map_present.png */ = {isa = PBXFileReference; lastKnownFileType = image.png; path = map_present.png; sourceTree = "<group>"; };
		8870D92426268EDC004FD39C /* noimage.png */ = {isa = PBXFileReference; lastKnownFileType = image.png; path = noimage.png; sourceTree = "<group>"; };
		8870D92526268EDC004FD39C /* map_present_background_update.png */ = {isa = PBXFileReference; lastKnownFileType = image.png; path = map_present_background_update.png; sourceTree = "<group>"; };
		8870D92626268EDC004FD39C /* daum_th_line.png */ = {isa = PBXFileReference; lastKnownFileType = image.png; path = daum_th_line.png; sourceTree = "<group>"; };
		8870D92726268EDC004FD39C /* map_pin_shadow.png */ = {isa = PBXFileReference; lastKnownFileType = image.png; path = map_pin_shadow.png; sourceTree = "<group>"; };
		8870D92826268EDC004FD39C /* DaumMap.framework */ = {isa = PBXFileReference; lastKnownFileType = wrapper.framework; path = DaumMap.framework; sourceTree = "<group>"; };
		8870D946262690A3004FD39C /* OpenGLES.framework */ = {isa = PBXFileReference; lastKnownFileType = wrapper.framework; name = OpenGLES.framework; path = System/Library/Frameworks/OpenGLES.framework; sourceTree = SDKROOT; };
		8870D948262690AE004FD39C /* SystemConfiguration.framework */ = {isa = PBXFileReference; lastKnownFileType = wrapper.framework; name = SystemConfiguration.framework; path = System/Library/Frameworks/SystemConfiguration.framework; sourceTree = SDKROOT; };
		8870D94A262690B8004FD39C /* CoreLocation.framework */ = {isa = PBXFileReference; lastKnownFileType = wrapper.framework; name = CoreLocation.framework; path = System/Library/Frameworks/CoreLocation.framework; sourceTree = SDKROOT; };
		8870D94C262690C5004FD39C /* QuartzCore.framework */ = {isa = PBXFileReference; lastKnownFileType = wrapper.framework; name = QuartzCore.framework; path = System/Library/Frameworks/QuartzCore.framework; sourceTree = SDKROOT; };
		8870D94E262690EB004FD39C /* libc++.tbd */ = {isa = PBXFileReference; lastKnownFileType = "sourcecode.text-based-dylib-definition"; name = "libc++.tbd"; path = "usr/lib/libc++.tbd"; sourceTree = SDKROOT; };
		8870D94F262690F5004FD39C /* libxml2.tbd */ = {isa = PBXFileReference; lastKnownFileType = "sourcecode.text-based-dylib-definition"; name = libxml2.tbd; path = usr/lib/libxml2.tbd; sourceTree = SDKROOT; };
		8870D950262690FF004FD39C /* libsqlite3.tbd */ = {isa = PBXFileReference; lastKnownFileType = "sourcecode.text-based-dylib-definition"; name = libsqlite3.tbd; path = usr/lib/libsqlite3.tbd; sourceTree = SDKROOT; };
		8870D955262692F8004FD39C /* FoodChooser-Bridging-Header.h */ = {isa = PBXFileReference; lastKnownFileType = sourcecode.c.h; path = "FoodChooser-Bridging-Header.h"; sourceTree = "<group>"; };
		8870D95A26269401004FD39C /* Metal.framework */ = {isa = PBXFileReference; lastKnownFileType = wrapper.framework; name = Metal.framework; path = System/Library/Frameworks/Metal.framework; sourceTree = SDKROOT; };
		8870D96326269D7B004FD39C /* JunkFunctions.swift */ = {isa = PBXFileReference; lastKnownFileType = sourcecode.swift; path = JunkFunctions.swift; sourceTree = "<group>"; };
		8870D96626269E1F004FD39C /* DaumMapSearchData.swift */ = {isa = PBXFileReference; lastKnownFileType = sourcecode.swift; path = DaumMapSearchData.swift; sourceTree = "<group>"; };
		887178A7262D0C8D00E5CEB4 /* FoodData.swift */ = {isa = PBXFileReference; lastKnownFileType = sourcecode.swift; path = FoodData.swift; sourceTree = "<group>"; };
		887178AA262D0DE200E5CEB4 /* FoodImageCollectionViewCell.swift */ = {isa = PBXFileReference; lastKnownFileType = sourcecode.swift; path = FoodImageCollectionViewCell.swift; sourceTree = "<group>"; };
		888827622623F1A300F6007C /* FoodRecipe.swift */ = {isa = PBXFileReference; lastKnownFileType = sourcecode.swift; path = FoodRecipe.swift; sourceTree = "<group>"; };
		88B015B92669D5C40059A49F /* Constants.swift */ = {isa = PBXFileReference; lastKnownFileType = sourcecode.swift; path = Constants.swift; sourceTree = "<group>"; };
		88D1E99A26326FED0048DC85 /* RecipeBrowserViewController.swift */ = {isa = PBXFileReference; lastKnownFileType = sourcecode.swift; path = RecipeBrowserViewController.swift; sourceTree = "<group>"; };
		88E242F126294CCB00557AD4 /* MapViewController.swift */ = {isa = PBXFileReference; lastKnownFileType = sourcecode.swift; path = MapViewController.swift; sourceTree = "<group>"; };
		88F8A4DD26662C75004DD925 /* ReciepeTableViewCell.swift */ = {isa = PBXFileReference; lastKnownFileType = sourcecode.swift; path = ReciepeTableViewCell.swift; sourceTree = "<group>"; };
		B77CB5EC98CAD7AD116A8FBB /* Pods-FoodChooser.release.xcconfig */ = {isa = PBXFileReference; includeInIndex = 1; lastKnownFileType = text.xcconfig; name = "Pods-FoodChooser.release.xcconfig"; path = "Target Support Files/Pods-FoodChooser/Pods-FoodChooser.release.xcconfig"; sourceTree = "<group>"; };
/* End PBXFileReference section */

/* Begin PBXFrameworksBuildPhase section */
		8806B8822622D3D3006B4FA9 /* Frameworks */ = {
			isa = PBXFrameworksBuildPhase;
			buildActionMask = 2147483647;
			files = (
				8870D94426268EDC004FD39C /* DaumMap.framework in Frameworks */,
				8870D95D26269428004FD39C /* libc++.tbd in Frameworks */,
				8870D94B262690B8004FD39C /* CoreLocation.framework in Frameworks */,
				8870D9612626943B004FD39C /* libsqlite3.tbd in Frameworks */,
				8870D94D262690C5004FD39C /* QuartzCore.framework in Frameworks */,
				D2E7666F6834733ADF2FD003 /* Pods_FoodChooser.framework in Frameworks */,
				8870D95F26269436004FD39C /* libxml2.tbd in Frameworks */,
				8870D95B26269402004FD39C /* Metal.framework in Frameworks */,
				8870D949262690AE004FD39C /* SystemConfiguration.framework in Frameworks */,
			);
			runOnlyForDeploymentPostprocessing = 0;
		};
/* End PBXFrameworksBuildPhase section */

/* Begin PBXGroup section */
		05C480B393CF9804CD005911 /* Frameworks */ = {
			isa = PBXGroup;
			children = (
				8870D95A26269401004FD39C /* Metal.framework */,
				8870D950262690FF004FD39C /* libsqlite3.tbd */,
				8870D94F262690F5004FD39C /* libxml2.tbd */,
				8870D94E262690EB004FD39C /* libc++.tbd */,
				8870D94C262690C5004FD39C /* QuartzCore.framework */,
				8870D94A262690B8004FD39C /* CoreLocation.framework */,
				8870D948262690AE004FD39C /* SystemConfiguration.framework */,
				8870D946262690A3004FD39C /* OpenGLES.framework */,
				8870D90226268EDC004FD39C /* DaumMap.embeddedframework */,
				3EE2AA91E1A314BDEC5F0F6D /* Pods_FoodChooser.framework */,
			);
			name = Frameworks;
			sourceTree = "<group>";
		};
		8806B87C2622D3D3006B4FA9 = {
			isa = PBXGroup;
			children = (
				8806B8872622D3D3006B4FA9 /* FoodChooser */,
				8806B8862622D3D3006B4FA9 /* Products */,
				A094519ECB4CF67B2C053B84 /* Pods */,
				05C480B393CF9804CD005911 /* Frameworks */,
			);
			sourceTree = "<group>";
		};
		8806B8862622D3D3006B4FA9 /* Products */ = {
			isa = PBXGroup;
			children = (
				8806B8852622D3D3006B4FA9 /* FoodChooser.app */,
			);
			name = Products;
			sourceTree = "<group>";
		};
		8806B8872622D3D3006B4FA9 /* FoodChooser */ = {
			isa = PBXGroup;
			children = (
				8806B88C2622D3D3006B4FA9 /* MainViewControlelr.swift */,
				8806B88E2622D3D3006B4FA9 /* Main.storyboard */,
				88D1E99A26326FED0048DC85 /* RecipeBrowserViewController.swift */,
				881FA40D262960890018CEE7 /* RecipeTableViewController.swift */,
				88E242F126294CCB00557AD4 /* MapViewController.swift */,
				8870D955262692F8004FD39C /* FoodChooser-Bridging-Header.h */,
				88E242F726295DD200557AD4 /* Model */,
				8806B89D2622D3E7006B4FA9 /* Supporting Files */,
				887178A7262D0C8D00E5CEB4 /* FoodData.swift */,
				887178AA262D0DE200E5CEB4 /* FoodImageCollectionViewCell.swift */,
				8806B8962622D3D5006B4FA9 /* Info.plist */,
				88F8A4DD26662C75004DD925 /* ReciepeTableViewCell.swift */,
				88B015B92669D5C40059A49F /* Constants.swift */,
			);
			path = FoodChooser;
			sourceTree = "<group>";
		};
		8806B89D2622D3E7006B4FA9 /* Supporting Files */ = {
			isa = PBXGroup;
			children = (
				8870D96326269D7B004FD39C /* JunkFunctions.swift */,
				8806B8882622D3D3006B4FA9 /* AppDelegate.swift */,
				8806B88A2622D3D3006B4FA9 /* SceneDelegate.swift */,
				8806B8912622D3D5006B4FA9 /* Assets.xcassets */,
				8806B8932622D3D5006B4FA9 /* LaunchScreen.storyboard */,
			);
			path = "Supporting Files";
			sourceTree = "<group>";
		};
		8870D90226268EDC004FD39C /* DaumMap.embeddedframework */ = {
			isa = PBXGroup;
			children = (
				8870D90326268EDC004FD39C /* Resources */,
				8870D92826268EDC004FD39C /* DaumMap.framework */,
			);
			path = DaumMap.embeddedframework;
			sourceTree = "<group>";
		};
		8870D90326268EDC004FD39C /* Resources */ = {
			isa = PBXGroup;
			children = (
				8870D90426268EDC004FD39C /* map_pinup_custom@3x.png */,
				8870D90526268EDC004FD39C /* map_pin_custom.png */,
				8870D90626268EDC004FD39C /* shadow_balloon.png */,
				8870D90726268EDC004FD39C /* map_pinup.png */,
				8870D90826268EDC004FD39C /* detail_button.png */,
				8870D90926268EDC004FD39C /* map_pin_custom@3x.png */,
				8870D90A26268EDC004FD39C /* map_pinup@3x.png */,
				8870D90B26268EDC004FD39C /* map_pin_shadow@3x.png */,
				8870D90C26268EDC004FD39C /* copyright.png */,
				8870D90D26268EDC004FD39C /* th_line.png */,
				8870D90E26268EDC004FD39C /* map_pin_red@3x.png */,
				8870D90F26268EDC004FD39C /* daum_copyright.png */,
				8870D91026268EDC004FD39C /* map_pin@3x.png */,
				8870D91126268EDC004FD39C /* map_present_tracking.png */,
				8870D91226268EDC004FD39C /* map_pin_red.png */,
				8870D91326268EDC004FD39C /* Headers */,
				8870D91C26268EDC004FD39C /* info_box.png */,
				8870D91D26268EDC004FD39C /* point_sprite.png */,
				8870D91E26268EDC004FD39C /* map_pinup_custom.png */,
				8870D91F26268EDC004FD39C /* info_box_tail.png */,
				8870D92026268EDC004FD39C /* noimage256.png */,
				8870D92126268EDC004FD39C /* map_present_direction.png */,
				8870D92226268EDC004FD39C /* map_pin.png */,
				8870D92326268EDC004FD39C /* map_present.png */,
				8870D92426268EDC004FD39C /* noimage.png */,
				8870D92526268EDC004FD39C /* map_present_background_update.png */,
				8870D92626268EDC004FD39C /* daum_th_line.png */,
				8870D92726268EDC004FD39C /* map_pin_shadow.png */,
			);
			path = Resources;
			sourceTree = "<group>";
		};
		8870D91326268EDC004FD39C /* Headers */ = {
			isa = PBXGroup;
			children = (
				8870D91426268EDC004FD39C /* MTMapPOIItem.h */,
				8870D91526268EDC004FD39C /* MTMapCameraUpdate.h */,
				8870D91626268EDC004FD39C /* MTMapReverseGeoCoder.h */,
				8870D91726268EDC004FD39C /* MTMapPolyline.h */,
				8870D91826268EDC004FD39C /* MTMapLocationMarkerItem.h */,
				8870D91926268EDC004FD39C /* MTMapView.h */,
				8870D91A26268EDC004FD39C /* MTMapGeometry.h */,
				8870D91B26268EDC004FD39C /* MTMapCircle.h */,
			);
			path = Headers;
			sourceTree = "<group>";
		};
		88E242F726295DD200557AD4 /* Model */ = {
			isa = PBXGroup;
			children = (
				888827622623F1A300F6007C /* FoodRecipe.swift */,
				8870D96626269E1F004FD39C /* DaumMapSearchData.swift */,
			);
			path = Model;
			sourceTree = "<group>";
		};
		A094519ECB4CF67B2C053B84 /* Pods */ = {
			isa = PBXGroup;
			children = (
				0FD75E0E0809D434ABD3073E /* Pods-FoodChooser.debug.xcconfig */,
				B77CB5EC98CAD7AD116A8FBB /* Pods-FoodChooser.release.xcconfig */,
			);
			path = Pods;
			sourceTree = "<group>";
		};
/* End PBXGroup section */

/* Begin PBXNativeTarget section */
		8806B8842622D3D3006B4FA9 /* FoodChooser */ = {
			isa = PBXNativeTarget;
			buildConfigurationList = 8806B8992622D3D5006B4FA9 /* Build configuration list for PBXNativeTarget "FoodChooser" */;
			buildPhases = (
				13F42AAD2F3B8359F6272153 /* [CP] Check Pods Manifest.lock */,
				8806B8812622D3D3006B4FA9 /* Sources */,
				8806B8822622D3D3006B4FA9 /* Frameworks */,
				8806B8832622D3D3006B4FA9 /* Resources */,
				4346AB2DE310F4CC9505FF03 /* [CP] Embed Pods Frameworks */,
			);
			buildRules = (
			);
			dependencies = (
			);
			name = FoodChooser;
			productName = FoodChooser;
			productReference = 8806B8852622D3D3006B4FA9 /* FoodChooser.app */;
			productType = "com.apple.product-type.application";
		};
/* End PBXNativeTarget section */

/* Begin PBXProject section */
		8806B87D2622D3D3006B4FA9 /* Project object */ = {
			isa = PBXProject;
			attributes = {
				LastSwiftUpdateCheck = 1240;
				LastUpgradeCheck = 1240;
				TargetAttributes = {
					8806B8842622D3D3006B4FA9 = {
						CreatedOnToolsVersion = 12.4;
					};
				};
			};
			buildConfigurationList = 8806B8802622D3D3006B4FA9 /* Build configuration list for PBXProject "FoodChooser" */;
			compatibilityVersion = "Xcode 9.3";
			developmentRegion = en;
			hasScannedForEncodings = 0;
			knownRegions = (
				en,
				Base,
			);
			mainGroup = 8806B87C2622D3D3006B4FA9;
			productRefGroup = 8806B8862622D3D3006B4FA9 /* Products */;
			projectDirPath = "";
			projectRoot = "";
			targets = (
				8806B8842622D3D3006B4FA9 /* FoodChooser */,
			);
		};
/* End PBXProject section */

/* Begin PBXResourcesBuildPhase section */
		8806B8832622D3D3006B4FA9 /* Resources */ = {
			isa = PBXResourcesBuildPhase;
			buildActionMask = 2147483647;
			files = (
				8870D93F26268EDC004FD39C /* map_present.png in Resources */,
				8870D93526268EDC004FD39C /* map_pin@3x.png in Resources */,
				8870D93326268EDC004FD39C /* map_pin_red@3x.png in Resources */,
				8870D93E26268EDC004FD39C /* map_pin.png in Resources */,
				8870D93726268EDC004FD39C /* map_pin_red.png in Resources */,
				8870D92926268EDC004FD39C /* map_pinup_custom@3x.png in Resources */,
				8870D93126268EDC004FD39C /* copyright.png in Resources */,
				8870D93026268EDC004FD39C /* map_pin_shadow@3x.png in Resources */,
				8806B8952622D3D5006B4FA9 /* LaunchScreen.storyboard in Resources */,
				8870D93426268EDC004FD39C /* daum_copyright.png in Resources */,
				8870D93826268EDC004FD39C /* info_box.png in Resources */,
				8870D92E26268EDC004FD39C /* map_pin_custom@3x.png in Resources */,
				8870D94326268EDC004FD39C /* map_pin_shadow.png in Resources */,
				8870D93626268EDC004FD39C /* map_present_tracking.png in Resources */,
				8870D92D26268EDC004FD39C /* detail_button.png in Resources */,
				8870D94026268EDC004FD39C /* noimage.png in Resources */,
				8870D93226268EDC004FD39C /* th_line.png in Resources */,
				8870D93B26268EDC004FD39C /* info_box_tail.png in Resources */,
				8870D92A26268EDC004FD39C /* map_pin_custom.png in Resources */,
				8870D93A26268EDC004FD39C /* map_pinup_custom.png in Resources */,
				8870D92F26268EDC004FD39C /* map_pinup@3x.png in Resources */,
				8870D93926268EDC004FD39C /* point_sprite.png in Resources */,
				8870D94126268EDC004FD39C /* map_present_background_update.png in Resources */,
				8870D93D26268EDC004FD39C /* map_present_direction.png in Resources */,
				8870D93C26268EDC004FD39C /* noimage256.png in Resources */,
				8870D92B26268EDC004FD39C /* shadow_balloon.png in Resources */,
				8806B8922622D3D5006B4FA9 /* Assets.xcassets in Resources */,
				8806B8902622D3D3006B4FA9 /* Main.storyboard in Resources */,
				8870D94226268EDC004FD39C /* daum_th_line.png in Resources */,
				8870D92C26268EDC004FD39C /* map_pinup.png in Resources */,
			);
			runOnlyForDeploymentPostprocessing = 0;
		};
/* End PBXResourcesBuildPhase section */

/* Begin PBXShellScriptBuildPhase section */
		13F42AAD2F3B8359F6272153 /* [CP] Check Pods Manifest.lock */ = {
			isa = PBXShellScriptBuildPhase;
			buildActionMask = 2147483647;
			files = (
			);
			inputFileListPaths = (
			);
			inputPaths = (
				"${PODS_PODFILE_DIR_PATH}/Podfile.lock",
				"${PODS_ROOT}/Manifest.lock",
			);
			name = "[CP] Check Pods Manifest.lock";
			outputFileListPaths = (
			);
			outputPaths = (
				"$(DERIVED_FILE_DIR)/Pods-FoodChooser-checkManifestLockResult.txt",
			);
			runOnlyForDeploymentPostprocessing = 0;
			shellPath = /bin/sh;
			shellScript = "diff \"${PODS_PODFILE_DIR_PATH}/Podfile.lock\" \"${PODS_ROOT}/Manifest.lock\" > /dev/null\nif [ $? != 0 ] ; then\n    # print error to STDERR\n    echo \"error: The sandbox is not in sync with the Podfile.lock. Run 'pod install' or update your CocoaPods installation.\" >&2\n    exit 1\nfi\n# This output is used by Xcode 'outputs' to avoid re-running this script phase.\necho \"SUCCESS\" > \"${SCRIPT_OUTPUT_FILE_0}\"\n";
			showEnvVarsInLog = 0;
		};
		4346AB2DE310F4CC9505FF03 /* [CP] Embed Pods Frameworks */ = {
			isa = PBXShellScriptBuildPhase;
			buildActionMask = 2147483647;
			files = (
			);
			inputFileListPaths = (
				"${PODS_ROOT}/Target Support Files/Pods-FoodChooser/Pods-FoodChooser-frameworks-${CONFIGURATION}-input-files.xcfilelist",
			);
			name = "[CP] Embed Pods Frameworks";
			outputFileListPaths = (
				"${PODS_ROOT}/Target Support Files/Pods-FoodChooser/Pods-FoodChooser-frameworks-${CONFIGURATION}-output-files.xcfilelist",
			);
			runOnlyForDeploymentPostprocessing = 0;
			shellPath = /bin/sh;
			shellScript = "\"${PODS_ROOT}/Target Support Files/Pods-FoodChooser/Pods-FoodChooser-frameworks.sh\"\n";
			showEnvVarsInLog = 0;
		};
/* End PBXShellScriptBuildPhase section */

/* Begin PBXSourcesBuildPhase section */
		8806B8812622D3D3006B4FA9 /* Sources */ = {
			isa = PBXSourcesBuildPhase;
			buildActionMask = 2147483647;
			files = (
				8870D96426269D7B004FD39C /* JunkFunctions.swift in Sources */,
				881FA40E262960890018CEE7 /* RecipeTableViewController.swift in Sources */,
				8806B88D2622D3D3006B4FA9 /* MainViewControlelr.swift in Sources */,
				887178A8262D0C8D00E5CEB4 /* FoodData.swift in Sources */,
				8806B8892622D3D3006B4FA9 /* AppDelegate.swift in Sources */,
				8806B88B2622D3D3006B4FA9 /* SceneDelegate.swift in Sources */,
				888827632623F1A300F6007C /* FoodRecipe.swift in Sources */,
				88B015BA2669D5C40059A49F /* Constants.swift in Sources */,
				8870D96726269E1F004FD39C /* DaumMapSearchData.swift in Sources */,
				88D1E99B26326FED0048DC85 /* RecipeBrowserViewController.swift in Sources */,
				88F8A4DE26662C75004DD925 /* ReciepeTableViewCell.swift in Sources */,
				887178AB262D0DE200E5CEB4 /* FoodImageCollectionViewCell.swift in Sources */,
				88E242F226294CCB00557AD4 /* MapViewController.swift in Sources */,
			);
			runOnlyForDeploymentPostprocessing = 0;
		};
/* End PBXSourcesBuildPhase section */

/* Begin PBXVariantGroup section */
		8806B88E2622D3D3006B4FA9 /* Main.storyboard */ = {
			isa = PBXVariantGroup;
			children = (
				8806B88F2622D3D3006B4FA9 /* Base */,
			);
			name = Main.storyboard;
			sourceTree = "<group>";
		};
		8806B8932622D3D5006B4FA9 /* LaunchScreen.storyboard */ = {
			isa = PBXVariantGroup;
			children = (
				8806B8942622D3D5006B4FA9 /* Base */,
			);
			name = LaunchScreen.storyboard;
			sourceTree = "<group>";
		};
/* End PBXVariantGroup section */

/* Begin XCBuildConfiguration section */
		8806B8972622D3D5006B4FA9 /* Debug */ = {
			isa = XCBuildConfiguration;
			buildSettings = {
				ALWAYS_SEARCH_USER_PATHS = NO;
				CLANG_ANALYZER_NONNULL = YES;
				CLANG_ANALYZER_NUMBER_OBJECT_CONVERSION = YES_AGGRESSIVE;
				CLANG_CXX_LANGUAGE_STANDARD = "gnu++14";
				CLANG_CXX_LIBRARY = "libc++";
				CLANG_ENABLE_MODULES = YES;
				CLANG_ENABLE_OBJC_ARC = NO;
				CLANG_ENABLE_OBJC_WEAK = YES;
				CLANG_WARN_BLOCK_CAPTURE_AUTORELEASING = YES;
				CLANG_WARN_BOOL_CONVERSION = YES;
				CLANG_WARN_COMMA = YES;
				CLANG_WARN_CONSTANT_CONVERSION = YES;
				CLANG_WARN_DEPRECATED_OBJC_IMPLEMENTATIONS = YES;
				CLANG_WARN_DIRECT_OBJC_ISA_USAGE = YES_ERROR;
				CLANG_WARN_DOCUMENTATION_COMMENTS = YES;
				CLANG_WARN_EMPTY_BODY = YES;
				CLANG_WARN_ENUM_CONVERSION = YES;
				CLANG_WARN_INFINITE_RECURSION = YES;
				CLANG_WARN_INT_CONVERSION = YES;
				CLANG_WARN_NON_LITERAL_NULL_CONVERSION = YES;
				CLANG_WARN_OBJC_IMPLICIT_RETAIN_SELF = YES;
				CLANG_WARN_OBJC_LITERAL_CONVERSION = YES;
				CLANG_WARN_OBJC_ROOT_CLASS = YES_ERROR;
				CLANG_WARN_QUOTED_INCLUDE_IN_FRAMEWORK_HEADER = YES;
				CLANG_WARN_RANGE_LOOP_ANALYSIS = YES;
				CLANG_WARN_STRICT_PROTOTYPES = YES;
				CLANG_WARN_SUSPICIOUS_MOVE = YES;
				CLANG_WARN_UNGUARDED_AVAILABILITY = YES_AGGRESSIVE;
				CLANG_WARN_UNREACHABLE_CODE = YES;
				CLANG_WARN__DUPLICATE_METHOD_MATCH = YES;
				COPY_PHASE_STRIP = NO;
				DEBUG_INFORMATION_FORMAT = dwarf;
				ENABLE_STRICT_OBJC_MSGSEND = YES;
				ENABLE_TESTABILITY = YES;
				GCC_C_LANGUAGE_STANDARD = gnu11;
				GCC_DYNAMIC_NO_PIC = NO;
				GCC_NO_COMMON_BLOCKS = YES;
				GCC_OPTIMIZATION_LEVEL = 0;
				GCC_PREPROCESSOR_DEFINITIONS = (
					"DEBUG=1",
					"$(inherited)",
				);
				GCC_WARN_64_TO_32_BIT_CONVERSION = YES;
				GCC_WARN_ABOUT_RETURN_TYPE = YES_ERROR;
				GCC_WARN_UNDECLARED_SELECTOR = YES;
				GCC_WARN_UNINITIALIZED_AUTOS = YES_AGGRESSIVE;
				GCC_WARN_UNUSED_FUNCTION = YES;
				GCC_WARN_UNUSED_VARIABLE = YES;
				IPHONEOS_DEPLOYMENT_TARGET = 14.4;
				MTL_ENABLE_DEBUG_INFO = INCLUDE_SOURCE;
				MTL_FAST_MATH = YES;
				ONLY_ACTIVE_ARCH = YES;
				SDKROOT = iphoneos;
				SWIFT_ACTIVE_COMPILATION_CONDITIONS = DEBUG;
				SWIFT_OPTIMIZATION_LEVEL = "-Onone";
			};
			name = Debug;
		};
		8806B8982622D3D5006B4FA9 /* Release */ = {
			isa = XCBuildConfiguration;
			buildSettings = {
				ALWAYS_SEARCH_USER_PATHS = NO;
				CLANG_ANALYZER_NONNULL = YES;
				CLANG_ANALYZER_NUMBER_OBJECT_CONVERSION = YES_AGGRESSIVE;
				CLANG_CXX_LANGUAGE_STANDARD = "gnu++14";
				CLANG_CXX_LIBRARY = "libc++";
				CLANG_ENABLE_MODULES = YES;
				CLANG_ENABLE_OBJC_ARC = NO;
				CLANG_ENABLE_OBJC_WEAK = YES;
				CLANG_WARN_BLOCK_CAPTURE_AUTORELEASING = YES;
				CLANG_WARN_BOOL_CONVERSION = YES;
				CLANG_WARN_COMMA = YES;
				CLANG_WARN_CONSTANT_CONVERSION = YES;
				CLANG_WARN_DEPRECATED_OBJC_IMPLEMENTATIONS = YES;
				CLANG_WARN_DIRECT_OBJC_ISA_USAGE = YES_ERROR;
				CLANG_WARN_DOCUMENTATION_COMMENTS = YES;
				CLANG_WARN_EMPTY_BODY = YES;
				CLANG_WARN_ENUM_CONVERSION = YES;
				CLANG_WARN_INFINITE_RECURSION = YES;
				CLANG_WARN_INT_CONVERSION = YES;
				CLANG_WARN_NON_LITERAL_NULL_CONVERSION = YES;
				CLANG_WARN_OBJC_IMPLICIT_RETAIN_SELF = YES;
				CLANG_WARN_OBJC_LITERAL_CONVERSION = YES;
				CLANG_WARN_OBJC_ROOT_CLASS = YES_ERROR;
				CLANG_WARN_QUOTED_INCLUDE_IN_FRAMEWORK_HEADER = YES;
				CLANG_WARN_RANGE_LOOP_ANALYSIS = YES;
				CLANG_WARN_STRICT_PROTOTYPES = YES;
				CLANG_WARN_SUSPICIOUS_MOVE = YES;
				CLANG_WARN_UNGUARDED_AVAILABILITY = YES_AGGRESSIVE;
				CLANG_WARN_UNREACHABLE_CODE = YES;
				CLANG_WARN__DUPLICATE_METHOD_MATCH = YES;
				COPY_PHASE_STRIP = NO;
				DEBUG_INFORMATION_FORMAT = "dwarf-with-dsym";
				ENABLE_NS_ASSERTIONS = NO;
				ENABLE_STRICT_OBJC_MSGSEND = YES;
				GCC_C_LANGUAGE_STANDARD = gnu11;
				GCC_NO_COMMON_BLOCKS = YES;
				GCC_WARN_64_TO_32_BIT_CONVERSION = YES;
				GCC_WARN_ABOUT_RETURN_TYPE = YES_ERROR;
				GCC_WARN_UNDECLARED_SELECTOR = YES;
				GCC_WARN_UNINITIALIZED_AUTOS = YES_AGGRESSIVE;
				GCC_WARN_UNUSED_FUNCTION = YES;
				GCC_WARN_UNUSED_VARIABLE = YES;
				IPHONEOS_DEPLOYMENT_TARGET = 14.4;
				MTL_ENABLE_DEBUG_INFO = NO;
				MTL_FAST_MATH = YES;
				SDKROOT = iphoneos;
				SWIFT_COMPILATION_MODE = wholemodule;
				SWIFT_OPTIMIZATION_LEVEL = "-O";
				VALIDATE_PRODUCT = YES;
			};
			name = Release;
		};
		8806B89A2622D3D5006B4FA9 /* Debug */ = {
			isa = XCBuildConfiguration;
			baseConfigurationReference = 0FD75E0E0809D434ABD3073E /* Pods-FoodChooser.debug.xcconfig */;
			buildSettings = {
				ASSETCATALOG_COMPILER_APPICON_NAME = AppIcon;
				ASSETCATALOG_COMPILER_GLOBAL_ACCENT_COLOR_NAME = AccentColor;
				CLANG_ENABLE_OBJC_ARC = NO;
				CODE_SIGN_STYLE = Automatic;
				FRAMEWORK_SEARCH_PATHS = (
					"$(inherited)",
					"$(PROJECT_DIR)/FoodChooser/DaumMap.embeddedframework",
					"$(PROJECT_DIR)/DaumMap.embeddedframework",
				);
				INFOPLIST_FILE = FoodChooser/Info.plist;
				LD_RUNPATH_SEARCH_PATHS = (
					"$(inherited)",
					"@executable_path/Frameworks",
				);
				PRODUCT_BUNDLE_IDENTIFIER = yle.FoodChooser;
				PRODUCT_NAME = "$(TARGET_NAME)";
				SWIFT_OBJC_BRIDGING_HEADER = "/Users/yundonglee/Desktop/Swift/FoodChooser/FoodChooser/FoodChooser-Bridging-Header.h";
				SWIFT_VERSION = 5.0;
				TARGETED_DEVICE_FAMILY = "1,2";
			};
			name = Debug;
		};
		8806B89B2622D3D5006B4FA9 /* Release */ = {
			isa = XCBuildConfiguration;
			baseConfigurationReference = B77CB5EC98CAD7AD116A8FBB /* Pods-FoodChooser.release.xcconfig */;
			buildSettings = {
				ASSETCATALOG_COMPILER_APPICON_NAME = AppIcon;
				ASSETCATALOG_COMPILER_GLOBAL_ACCENT_COLOR_NAME = AccentColor;
				CLANG_ENABLE_OBJC_ARC = NO;
				CODE_SIGN_STYLE = Automatic;
				FRAMEWORK_SEARCH_PATHS = (
					"$(inherited)",
					"$(PROJECT_DIR)/FoodChooser/DaumMap.embeddedframework",
					"$(PROJECT_DIR)/DaumMap.embeddedframework",
				);
				INFOPLIST_FILE = FoodChooser/Info.plist;
				LD_RUNPATH_SEARCH_PATHS = (
					"$(inherited)",
					"@executable_path/Frameworks",
				);
				PRODUCT_BUNDLE_IDENTIFIER = yle.FoodChooser;
				PRODUCT_NAME = "$(TARGET_NAME)";
				SWIFT_OBJC_BRIDGING_HEADER = "/Users/yundonglee/Desktop/Swift/FoodChooser/FoodChooser/FoodChooser-Bridging-Header.h";
				SWIFT_VERSION = 5.0;
				TARGETED_DEVICE_FAMILY = "1,2";
			};
			name = Release;
		};
/* End XCBuildConfiguration section */

/* Begin XCConfigurationList section */
		8806B8802622D3D3006B4FA9 /* Build configuration list for PBXProject "FoodChooser" */ = {
			isa = XCConfigurationList;
			buildConfigurations = (
				8806B8972622D3D5006B4FA9 /* Debug */,
				8806B8982622D3D5006B4FA9 /* Release */,
			);
			defaultConfigurationIsVisible = 0;
			defaultConfigurationName = Release;
		};
		8806B8992622D3D5006B4FA9 /* Build configuration list for PBXNativeTarget "FoodChooser" */ = {
			isa = XCConfigurationList;
			buildConfigurations = (
				8806B89A2622D3D5006B4FA9 /* Debug */,
				8806B89B2622D3D5006B4FA9 /* Release */,
			);
			defaultConfigurationIsVisible = 0;
			defaultConfigurationName = Release;
		};
/* End XCConfigurationList section */
	};
	rootObject = 8806B87D2622D3D3006B4FA9 /* Project object */;
}
